{
  "version": 4,
  "terraform_version": "1.7.1",
  "serial": 8,
  "lineage": "6bf54174-232e-195e-ebbd-091d4cad8877",
  "outputs": {},
  "resources": [
    {
      "mode": "managed",
      "type": "helm_release",
      "name": "mariadb",
      "provider": "provider[\"registry.terraform.io/hashicorp/helm\"]",
      "instances": [
        {
          "schema_version": 1,
          "attributes": {
            "atomic": false,
            "chart": "mariadb-galera",
            "cleanup_on_fail": false,
            "create_namespace": false,
            "dependency_update": false,
            "description": null,
            "devel": null,
            "disable_crd_hooks": false,
            "disable_openapi_validation": false,
            "disable_webhooks": false,
            "force_update": false,
            "id": "mariadb-galera",
            "keyring": null,
            "lint": false,
            "manifest": null,
            "max_history": 0,
            "metadata": [
              {
                "app_version": "11.2.2",
                "chart": "mariadb-galera",
                "name": "mariadb-galera",
                "namespace": "default",
                "revision": 1,
                "values": "{\"cluster\":{\"size\":3},\"galera\":{\"mariadbDatabase\":\"quicksuitedb\",\"mariadbUser\":{\"password\":\"suite123\"}},\"mariadb\":{\"architecture\":\"replication\",\"master\":{\"persistence\":{\"enabled\":true,\"size\":\"1Gi\"}}},\"rootUser\":{\"password\":\"quick123\"}}",
                "version": "11.2.0"
              }
            ],
            "name": "mariadb-galera",
            "namespace": "default",
            "pass_credentials": false,
            "postrender": [],
            "recreate_pods": false,
            "render_subchart_notes": true,
            "replace": false,
            "repository": "https://charts.bitnami.com/bitnami",
            "repository_ca_file": null,
            "repository_cert_file": null,
            "repository_key_file": null,
            "repository_password": null,
            "repository_username": null,
            "reset_values": false,
            "reuse_values": false,
            "set": [
              {
                "name": "cluster.size",
                "type": "",
                "value": "3"
              },
              {
                "name": "galera.mariadbDatabase",
                "type": "",
                "value": "quicksuitedb"
              },
              {
                "name": "galera.mariadbUser.password",
                "type": "",
                "value": "suite123"
              },
              {
                "name": "mariadb.architecture",
                "type": "",
                "value": "replication"
              },
              {
                "name": "mariadb.master.persistence.enabled",
                "type": "",
                "value": "true"
              },
              {
                "name": "mariadb.master.persistence.size",
                "type": "",
                "value": "1Gi"
              },
              {
                "name": "rootUser.password",
                "type": "",
                "value": "quick123"
              }
            ],
            "set_list": [],
            "set_sensitive": [],
            "skip_crds": false,
            "status": "deployed",
            "timeout": 300,
            "values": null,
            "verify": false,
            "version": "11.2.0",
            "wait": true,
            "wait_for_jobs": false
          },
          "sensitive_attributes": [],
          "private": "eyJzY2hlbWFfdmVyc2lvbiI6IjEifQ=="
        }
      ]
    }
  ],
  "check_results": null
}
